<?xml version="1.0" encoding="utf-8"?>
<Project ToolsVersion="4.0" xmlns="http://schemas.microsoft.com/developer/msbuild/2003">
  <ItemGroup>
    <ClCompile Include="App\app.cpp">
      <Filter>App</Filter>
    </ClCompile>
    <ClCompile Include="App\SimpleController.cpp">
      <Filter>App</Filter>
    </ClCompile>
    <ClCompile Include="App\SimpleSound.cpp">
      <Filter>App</Filter>
    </ClCompile>
    <ClCompile Include="App\SimpleSprite.cpp">
      <Filter>App</Filter>
    </ClCompile>
    <ClCompile Include="App\TextureLoader.cpp">
      <Filter>App</Filter>
    </ClCompile>
    <ClCompile Include="Math\Line.cpp">
      <Filter>Math</Filter>
    </ClCompile>
    <ClCompile Include="Math\Vec3.cpp">
      <Filter>Math</Filter>
    </ClCompile>
    <ClCompile Include="App\main.cpp">
      <Filter>App</Filter>
    </ClCompile>
    <ClCompile Include="stdafx.cpp">
      <Filter>App</Filter>
    </ClCompile>
    <ClCompile Include="Engine\GameObject.cpp">
      <Filter>Engine</Filter>
    </ClCompile>
    <ClCompile Include="Engine\GameManager.cpp">
      <Filter>Engine</Filter>
    </ClCompile>
    <ClCompile Include="Engine\Player.cpp">
      <Filter>Engine</Filter>
    </ClCompile>
    <ClCompile Include="Engine\Menu.cpp">
      <Filter>Engine</Filter>
    </ClCompile>
    <ClCompile Include="Engine\Bomb.cpp">
      <Filter>Engine</Filter>
    </ClCompile>
    <ClCompile Include="Engine\NormalLevel.cpp">
      <Filter>Engine</Filter>
    </ClCompile>
    <ClCompile Include="Engine\Enemy.cpp">
      <Filter>Engine</Filter>
    </ClCompile>
    <ClCompile Include="Engine\TileSystem.cpp">
      <Filter>Engine</Filter>
    </ClCompile>
  </ItemGroup>
  <ItemGroup>
    <ClInclude Include="App\app.h">
      <Filter>App</Filter>
    </ClInclude>
    <ClInclude Include="App\AppSettings.h">
      <Filter>App</Filter>
    </ClInclude>
    <ClInclude Include="App\SimpleController.h">
      <Filter>App</Filter>
    </ClInclude>
    <ClInclude Include="App\SimpleSound.h">
      <Filter>App</Filter>
    </ClInclude>
    <ClInclude Include="App\SimpleSprite.h">
      <Filter>App</Filter>
    </ClInclude>
    <ClInclude Include="App\TextureLoader.h">
      <Filter>App</Filter>
    </ClInclude>
    <ClInclude Include="targetver.h">
      <Filter>App</Filter>
    </ClInclude>
    <ClInclude Include="Math\Line.h">
      <Filter>Math</Filter>
    </ClInclude>
    <ClInclude Include="Math\Vec3.h">
      <Filter>Math</Filter>
    </ClInclude>
    <ClInclude Include="App\main.h">
      <Filter>App</Filter>
    </ClInclude>
    <ClInclude Include="stdafx.h">
      <Filter>App</Filter>
    </ClInclude>
    <ClInclude Include="Engine\GameObject.h">
      <Filter>Engine</Filter>
    </ClInclude>
    <ClInclude Include="Engine\Level.h">
      <Filter>Engine</Filter>
    </ClInclude>
    <ClInclude Include="Engine\GameManager.h">
      <Filter>Engine</Filter>
    </ClInclude>
    <ClInclude Include="Engine\Player.h">
      <Filter>Engine</Filter>
    </ClInclude>
    <ClInclude Include="Engine\PlayerStats.h">
      <Filter>Engine</Filter>
    </ClInclude>
    <ClInclude Include="Engine\Menu.h">
      <Filter>Engine</Filter>
    </ClInclude>
    <ClInclude Include="Engine\Bomb.h">
      <Filter>Engine</Filter>
    </ClInclude>
    <ClInclude Include="Engine\NormalLevel.h">
      <Filter>Engine</Filter>
    </ClInclude>
    <ClInclude Include="Engine\Enemy.h">
      <Filter>Engine</Filter>
    </ClInclude>
    <ClInclude Include="Engine\TileSystem.h">
      <Filter>Engine</Filter>
    </ClInclude>
  </ItemGroup>
  <ItemGroup>
    <Filter Include="App">
      <UniqueIdentifier>{3a9c73f2-ac01-4822-a0d0-9d0bdeba829a}</UniqueIdentifier>
    </Filter>
    <Filter Include="Math">
      <UniqueIdentifier>{89bb46e8-5532-41ed-8306-2fefe7b4ba55}</UniqueIdentifier>
    </Filter>
    <Filter Include="Engine">
      <UniqueIdentifier>{da646eac-8ea9-4d11-9116-a0f66c776372}</UniqueIdentifier>
    </Filter>
  </ItemGroup>
  <ItemGroup>
    <Text Include="ReadMe.txt">
      <Filter>App</Filter>
    </Text>
  </ItemGroup>
</Project>